schema: '2.0'
stages:
  collect_data:
    cmd:
    - mkdir -p data/j/raw
    - python ml/src/collect_data.py --target j --params pipeline_b_detect/j/params.yaml
    deps:
    - path: ml/src/collect_data.py
      hash: md5
      md5: 622a14e879e077e3ec7480459dcc4088
      size: 1229
    params:
      pipeline_b_detect/j/params.yaml:
        target: j
    outs:
    - path: data/j/raw/data.csv
      hash: md5
      md5: a03ed272ae745e614e531a5064901ca1
      size: 7010
  process_data:
    cmd:
    - mkdir -p data/j/processed
    - python ml/src/process_data.py --target j --params pipeline_b_detect/j/params.yaml
    deps:
    - path: data/j/raw/data.csv
      hash: md5
      md5: a03ed272ae745e614e531a5064901ca1
      size: 7010
    - path: ml/src/process_data.py
      hash: md5
      md5: 52b38150b3d1a9d87001eddb33c21f81
      size: 925
    params:
      pipeline_b_detect/j/params.yaml:
        target: j
    outs:
    - path: data/j/processed/data.csv
      hash: md5
      md5: a03ed272ae745e614e531a5064901ca1
      size: 7010
  train:
    cmd: python ml/src/train.py --type pipeline_b_detect --target j --params pipeline_b_detect/j/params.yaml
    deps:
    - path: data/j/processed/data.csv
      hash: md5
      md5: a03ed272ae745e614e531a5064901ca1
      size: 7010
    - path: ml/src/train.py
      hash: md5
      md5: b165e2c6e7136187d27fe804d9fb86b2
      size: 2985
    params:
      pipeline_b_detect/j/params.yaml:
        train:
          epochs: 30
          batch_size: 16
          learning_rate: 0.01
    outs:
    - path: pipeline_b_detect/j/models/model_pipeline_b_detect_j.file
      hash: md5
      md5: 2a6a008c3a2f7e814066c64556dfc6cc
      size: 6586
    - path: pipeline_b_detect/j/results/metrics.json
      hash: md5
      md5: a8fd6f9c3e0fc6378e2ac847aa1e3346
      size: 39
      cloud:
        remote-j:
          etag: a8fd6f9c3e0fc6378e2ac847aa1e3346
          version_id: owpZrgmQ6yWRVIzt9sS2WgTVyQutKkR5
    - path: pipeline_b_detect/j/results/plots/metrics/accuracy.tsv
      hash: md5
      md5: 2cf25748267d8339b19ea0b1a5fceeb0
      size: 184
      cloud:
        remote-j:
          etag: 2cf25748267d8339b19ea0b1a5fceeb0
          version_id: 1S81hUrmeo8IVCH66D8k.r3WxELXvynE
