schema: '2.0'
stages:
  collect_data:
    cmd:
    - mkdir -p data/j/raw
    - python ml/src/collect_data.py --target j --params pipeline_b_detect/j/params.yaml
    deps:
    - path: ml/src/collect_data.py
      hash: md5
      md5: 622a14e879e077e3ec7480459dcc4088
      size: 1229
    params:
      pipeline_b_detect/j/params.yaml:
        target: j
    outs:
    - path: data/j/raw/data.csv
      hash: md5
      md5: 7dfcbdf260197540e7846ea6a1119b35
      size: 7041
  process_data:
    cmd:
    - mkdir -p data/j/processed
    - python ml/src/process_data.py --target j --params pipeline_b_detect/j/params.yaml
    deps:
    - path: data/j/raw/data.csv
      hash: md5
      md5: 7dfcbdf260197540e7846ea6a1119b35
      size: 7041
    - path: ml/src/process_data.py
      hash: md5
      md5: 52b38150b3d1a9d87001eddb33c21f81
      size: 925
    params:
      pipeline_b_detect/j/params.yaml:
        target: j
    outs:
    - path: data/j/processed/data.csv
      hash: md5
      md5: 7dfcbdf260197540e7846ea6a1119b35
      size: 7041
  train:
    cmd: python ml/src/train.py --type pipeline_b_detect --target j --params pipeline_b_detect/j/params.yaml
    deps:
    - path: data/j/processed/data.csv
      hash: md5
      md5: 7dfcbdf260197540e7846ea6a1119b35
      size: 7041
    - path: ml/src/train.py
      hash: md5
      md5: b165e2c6e7136187d27fe804d9fb86b2
      size: 2985
    params:
      pipeline_b_detect/j/params.yaml:
        train:
          epochs: 30
          batch_size: 16
          learning_rate: 0.01
    outs:
    - path: pipeline_b_detect/j/models/model_pipeline_b_detect_j.file
      hash: md5
      md5: 73fe8e6914c0c0014cd7a0ecb99dfc0f
      size: 6617
    - path: pipeline_b_detect/j/results/metrics.json
      hash: md5
      md5: 175fe4cfdb8b133cb158b58190a1353d
      size: 39
      cloud:
        remote-j:
          etag: 175fe4cfdb8b133cb158b58190a1353d
          version_id: mM.ZDzSUstz1oLHMe4zVbWsAsMCziC9y
    - path: pipeline_b_detect/j/results/plots/metrics/accuracy.tsv
      hash: md5
      md5: d09a2e858d8ab3f987843dbb0df41389
      size: 184
      cloud:
        remote-j:
          etag: d09a2e858d8ab3f987843dbb0df41389
          version_id: Igb8UoaXwrso2M_gW1OfVRo7Cf4SkM0Q
